
Microsoft Visual Studio Solution File, Format Version 11.00
# Visual Studio 2010
Project("{F184B08F-C81C-45F6-A57F-5ABD9991F28F}") = "MediaPlayer", "MediaPlayer\MediaPlayer.vbproj", "{5ED8470A-9EA1-4B0E-BC76-91058A205E5A}"
EndProject
Global
	GlobalSection(SolutionConfigurationPlatforms) = preSolution
		Debug|x86 = Debug|x86
		Release|x86 = Release|x86
	EndGlobalSection
	GlobalSection(ProjectConfigurationPlatforms) = postSolution
		{5ED8470A-9EA1-4B0E-BC76-91058A205E5A}.Debug|x86.ActiveCfg = Debug|x86
		{5ED8470A-9EA1-4B0E-BC76-91058A205E5A}.Debug|x86.Build.0 = Debug|x86
		{5ED8470A-9EA1-4B0E-BC76-91058A205E5A}.Release|x86.ActiveCfg = Release|x86
		{5ED8470A-9EA1-4B0E-BC76-91058A205E5A}.Release|x86.Build.0 = Release|x86
	EndGlobalSection
	GlobalSection(SolutionProperties) = preSolution
		HideSolutionNode = FALSE
	EndGlobalSection
EndGlobal
